
Microsoft Visual Studio Solution File, Format Version 12.00
# Visual Studio Version 17
VisualStudioVersion = 17.9.34723.18
MinimumVisualStudioVersion = 10.0.40219.1
Project("{FAE04EC0-301F-11D3-BF4B-00C04F79EFBC}") = "ICEBERG.UWP", "ICEBERG\ICEBERG.UWP\ICEBERG.UWP.csproj", "{CE73829C-F82E-4049-B383-9EF9CB500555}"
EndProject
Project("{FAE04EC0-301F-11D3-BF4B-00C04F79EFBC}") = "ICEBERG.Android", "ICEBERG\ICEBERG.Android\ICEBERG.Android.csproj", "{3CCABB8C-071A-4F14-B7BC-312713299FC4}"
EndProject
Project("{FAE04EC0-301F-11D3-BF4B-00C04F79EFBC}") = "ICEBERG", "ICEBERG\ICEBERG\ICEBERG.csproj", "{F578DEA8-F75B-45CC-A10E-62763D3F40E4}"
EndProject
Global
	GlobalSection(SolutionConfigurationPlatforms) = preSolution
		Debug|Any CPU = Debug|Any CPU
		Debug|ARM = Debug|ARM
		Debug|x64 = Debug|x64
		Debug|x86 = Debug|x86
		Release|Any CPU = Release|Any CPU
		Release|ARM = Release|ARM
		Release|x64 = Release|x64
		Release|x86 = Release|x86
	EndGlobalSection
	GlobalSection(ProjectConfigurationPlatforms) = postSolution
		{CE73829C-F82E-4049-B383-9EF9CB500555}.Debug|Any CPU.ActiveCfg = Debug|x64
		{CE73829C-F82E-4049-B383-9EF9CB500555}.Debug|Any CPU.Build.0 = Debug|x64
		{CE73829C-F82E-4049-B383-9EF9CB500555}.Debug|Any CPU.Deploy.0 = Debug|x64
		{CE73829C-F82E-4049-B383-9EF9CB500555}.Debug|ARM.ActiveCfg = Debug|ARM
		{CE73829C-F82E-4049-B383-9EF9CB500555}.Debug|ARM.Build.0 = Debug|ARM
		{CE73829C-F82E-4049-B383-9EF9CB500555}.Debug|ARM.Deploy.0 = Debug|ARM
		{CE73829C-F82E-4049-B383-9EF9CB500555}.Debug|x64.ActiveCfg = Debug|x64
		{CE73829C-F82E-4049-B383-9EF9CB500555}.Debug|x64.Build.0 = Debug|x64
		{CE73829C-F82E-4049-B383-9EF9CB500555}.Debug|x64.Deploy.0 = Debug|x64
		{CE73829C-F82E-4049-B383-9EF9CB500555}.Debug|x86.ActiveCfg = Debug|x86
		{CE73829C-F82E-4049-B383-9EF9CB500555}.Debug|x86.Build.0 = Debug|x86
		{CE73829C-F82E-4049-B383-9EF9CB500555}.Debug|x86.Deploy.0 = Debug|x86
		{CE73829C-F82E-4049-B383-9EF9CB500555}.Release|Any CPU.ActiveCfg = Release|x64
		{CE73829C-F82E-4049-B383-9EF9CB500555}.Release|Any CPU.Build.0 = Release|x64
		{CE73829C-F82E-4049-B383-9EF9CB500555}.Release|Any CPU.Deploy.0 = Release|x64
		{CE73829C-F82E-4049-B383-9EF9CB500555}.Release|ARM.ActiveCfg = Release|ARM
		{CE73829C-F82E-4049-B383-9EF9CB500555}.Release|ARM.Build.0 = Release|ARM
		{CE73829C-F82E-4049-B383-9EF9CB500555}.Release|ARM.Deploy.0 = Release|ARM
		{CE73829C-F82E-4049-B383-9EF9CB500555}.Release|x64.ActiveCfg = Release|x64
		{CE73829C-F82E-4049-B383-9EF9CB500555}.Release|x64.Build.0 = Release|x64
		{CE73829C-F82E-4049-B383-9EF9CB500555}.Release|x64.Deploy.0 = Release|x64
		{CE73829C-F82E-4049-B383-9EF9CB500555}.Release|x86.ActiveCfg = Release|x86
		{CE73829C-F82E-4049-B383-9EF9CB500555}.Release|x86.Build.0 = Release|x86
		{CE73829C-F82E-4049-B383-9EF9CB500555}.Release|x86.Deploy.0 = Release|x86
		{3CCABB8C-071A-4F14-B7BC-312713299FC4}.Debug|Any CPU.ActiveCfg = Debug|Any CPU
		{3CCABB8C-071A-4F14-B7BC-312713299FC4}.Debug|Any CPU.Build.0 = Debug|Any CPU
		{3CCABB8C-071A-4F14-B7BC-312713299FC4}.Debug|Any CPU.Deploy.0 = Debug|Any CPU
		{3CCABB8C-071A-4F14-B7BC-312713299FC4}.Debug|ARM.ActiveCfg = Debug|Any CPU
		{3CCABB8C-071A-4F14-B7BC-312713299FC4}.Debug|ARM.Build.0 = Debug|Any CPU
		{3CCABB8C-071A-4F14-B7BC-312713299FC4}.Debug|ARM.Deploy.0 = Debug|Any CPU
		{3CCABB8C-071A-4F14-B7BC-312713299FC4}.Debug|x64.ActiveCfg = Debug|Any CPU
		{3CCABB8C-071A-4F14-B7BC-312713299FC4}.Debug|x64.Build.0 = Debug|Any CPU
		{3CCABB8C-071A-4F14-B7BC-312713299FC4}.Debug|x64.Deploy.0 = Debug|Any CPU
		{3CCABB8C-071A-4F14-B7BC-312713299FC4}.Debug|x86.ActiveCfg = Debug|Any CPU
		{3CCABB8C-071A-4F14-B7BC-312713299FC4}.Debug|x86.Build.0 = Debug|Any CPU
		{3CCABB8C-071A-4F14-B7BC-312713299FC4}.Debug|x86.Deploy.0 = Debug|Any CPU
		{3CCABB8C-071A-4F14-B7BC-312713299FC4}.Release|Any CPU.ActiveCfg = Release|Any CPU
		{3CCABB8C-071A-4F14-B7BC-312713299FC4}.Release|Any CPU.Build.0 = Release|Any CPU
		{3CCABB8C-071A-4F14-B7BC-312713299FC4}.Release|Any CPU.Deploy.0 = Release|Any CPU
		{3CCABB8C-071A-4F14-B7BC-312713299FC4}.Release|ARM.ActiveCfg = Release|Any CPU
		{3CCABB8C-071A-4F14-B7BC-312713299FC4}.Release|ARM.Build.0 = Release|Any CPU
		{3CCABB8C-071A-4F14-B7BC-312713299FC4}.Release|ARM.Deploy.0 = Release|Any CPU
		{3CCABB8C-071A-4F14-B7BC-312713299FC4}.Release|x64.ActiveCfg = Release|Any CPU
		{3CCABB8C-071A-4F14-B7BC-312713299FC4}.Release|x64.Build.0 = Release|Any CPU
		{3CCABB8C-071A-4F14-B7BC-312713299FC4}.Release|x64.Deploy.0 = Release|Any CPU
		{3CCABB8C-071A-4F14-B7BC-312713299FC4}.Release|x86.ActiveCfg = Release|Any CPU
		{3CCABB8C-071A-4F14-B7BC-312713299FC4}.Release|x86.Build.0 = Release|Any CPU
		{3CCABB8C-071A-4F14-B7BC-312713299FC4}.Release|x86.Deploy.0 = Release|Any CPU
		{F578DEA8-F75B-45CC-A10E-62763D3F40E4}.Debug|Any CPU.ActiveCfg = Debug|Any CPU
		{F578DEA8-F75B-45CC-A10E-62763D3F40E4}.Debug|Any CPU.Build.0 = Debug|Any CPU
		{F578DEA8-F75B-45CC-A10E-62763D3F40E4}.Debug|Any CPU.Deploy.0 = Debug|Any CPU
		{F578DEA8-F75B-45CC-A10E-62763D3F40E4}.Debug|ARM.ActiveCfg = Debug|Any CPU
		{F578DEA8-F75B-45CC-A10E-62763D3F40E4}.Debug|ARM.Build.0 = Debug|Any CPU
		{F578DEA8-F75B-45CC-A10E-62763D3F40E4}.Debug|ARM.Deploy.0 = Debug|Any CPU
		{F578DEA8-F75B-45CC-A10E-62763D3F40E4}.Debug|x64.ActiveCfg = Debug|Any CPU
		{F578DEA8-F75B-45CC-A10E-62763D3F40E4}.Debug|x64.Build.0 = Debug|Any CPU
		{F578DEA8-F75B-45CC-A10E-62763D3F40E4}.Debug|x64.Deploy.0 = Debug|Any CPU
		{F578DEA8-F75B-45CC-A10E-62763D3F40E4}.Debug|x86.ActiveCfg = Debug|Any CPU
		{F578DEA8-F75B-45CC-A10E-62763D3F40E4}.Debug|x86.Build.0 = Debug|Any CPU
		{F578DEA8-F75B-45CC-A10E-62763D3F40E4}.Debug|x86.Deploy.0 = Debug|Any CPU
		{F578DEA8-F75B-45CC-A10E-62763D3F40E4}.Release|Any CPU.ActiveCfg = Release|Any CPU
		{F578DEA8-F75B-45CC-A10E-62763D3F40E4}.Release|Any CPU.Build.0 = Release|Any CPU
		{F578DEA8-F75B-45CC-A10E-62763D3F40E4}.Release|Any CPU.Deploy.0 = Release|Any CPU
		{F578DEA8-F75B-45CC-A10E-62763D3F40E4}.Release|ARM.ActiveCfg = Release|Any CPU
		{F578DEA8-F75B-45CC-A10E-62763D3F40E4}.Release|ARM.Build.0 = Release|Any CPU
		{F578DEA8-F75B-45CC-A10E-62763D3F40E4}.Release|ARM.Deploy.0 = Release|Any CPU
		{F578DEA8-F75B-45CC-A10E-62763D3F40E4}.Release|x64.ActiveCfg = Release|Any CPU
		{F578DEA8-F75B-45CC-A10E-62763D3F40E4}.Release|x64.Build.0 = Release|Any CPU
		{F578DEA8-F75B-45CC-A10E-62763D3F40E4}.Release|x64.Deploy.0 = Release|Any CPU
		{F578DEA8-F75B-45CC-A10E-62763D3F40E4}.Release|x86.ActiveCfg = Release|Any CPU
		{F578DEA8-F75B-45CC-A10E-62763D3F40E4}.Release|x86.Build.0 = Release|Any CPU
		{F578DEA8-F75B-45CC-A10E-62763D3F40E4}.Release|x86.Deploy.0 = Release|Any CPU
	EndGlobalSection
	GlobalSection(SolutionProperties) = preSolution
		HideSolutionNode = FALSE
	EndGlobalSection
	GlobalSection(ExtensibilityGlobals) = postSolution
		SolutionGuid = {AC5C3E28-5E46-47E9-BC09-763E66298107}
	EndGlobalSection
EndGlobal
